<?xml version="1.0" encoding="utf-8"?>
<Project xmlns="http://schemas.microsoft.com/developer/msbuild/2003">
  <ItemGroup>
    <Filter Include="Form Files">
      <UniqueIdentifier>{99349809-55BA-4b9d-BF79-8FDBB0286EB3}</UniqueIdentifier>
      <Extensions>ui</Extensions>
      <ParseFiles>false</ParseFiles>
    </Filter>
    <Filter Include="Form Files">
      <UniqueIdentifier>{99349809-55BA-4b9d-BF79-8FDBB0286EB3}</UniqueIdentifier>
      <Extensions>ui</Extensions>
      <ParseFiles>false</ParseFiles>
    </Filter>
    <Filter Include="Generated Files">
      <UniqueIdentifier>{71ED8ED8-ACB9-4CE9-BBE1-E00B30144E11}</UniqueIdentifier>
      <Extensions>cpp;c;cxx;moc;h;def;odl;idl;res;</Extensions>
    </Filter>
    <Filter Include="Generated Files">
      <UniqueIdentifier>{71ED8ED8-ACB9-4CE9-BBE1-E00B30144E11}</UniqueIdentifier>
      <Extensions>cpp;c;cxx;moc;h;def;odl;idl;res;</Extensions>
    </Filter>
    <Filter Include="Header Files">
      <UniqueIdentifier>{93995380-89BD-4b04-88EB-625FBE52EBFB}</UniqueIdentifier>
      <Extensions>h;hpp;hxx;hm;inl;inc;xsd</Extensions>
    </Filter>
    <Filter Include="Header Files">
      <UniqueIdentifier>{93995380-89BD-4b04-88EB-625FBE52EBFB}</UniqueIdentifier>
      <Extensions>h;hpp;hxx;hm;inl;inc;xsd</Extensions>
    </Filter>
    <Filter Include="Source Files">
      <UniqueIdentifier>{4FC737F1-C7A5-4376-A066-2A32D752A2FF}</UniqueIdentifier>
      <Extensions>cpp;c;cxx;def;odl;idl;hpj;bat;asm;asmx</Extensions>
    </Filter>
    <Filter Include="Source Files">
      <UniqueIdentifier>{4FC737F1-C7A5-4376-A066-2A32D752A2FF}</UniqueIdentifier>
      <Extensions>cpp;c;cxx;def;odl;idl;hpj;bat;asm;asmx</Extensions>
    </Filter>
  </ItemGroup>
  <ItemGroup>
    <ClCompile Include="camera.cpp">
      <Filter>Source Files</Filter>
    </ClCompile>
    <ClCompile Include="dip.cpp">
      <Filter>Source Files</Filter>
    </ClCompile>
    <ClCompile Include="imageacqusition.cpp">
      <Filter>Source Files</Filter>
    </ClCompile>
    <ClCompile Include="main.cpp">
      <Filter>Source Files</Filter>
    </ClCompile>
    <ClCompile Include="mainwindow.cpp">
      <Filter>Source Files</Filter>
    </ClCompile>
    <ClCompile Include="manual.cpp">
      <Filter>Source Files</Filter>
    </ClCompile>
    <ClCompile Include="offlinetrack.cpp">
      <Filter>Source Files</Filter>
    </ClCompile>
    <ClCompile Include="onlinetrack.cpp">
      <Filter>Source Files</Filter>
    </ClCompile>
    <ClCompile Include="simplecalibration.cpp">
      <Filter>Source Files</Filter>
    </ClCompile>
    <ClCompile Include="weld.cpp">
      <Filter>Source Files</Filter>
    </ClCompile>
  </ItemGroup>
  <ItemGroup>
    <ClInclude Include="JHCap.h">
      <Filter>Header Files</Filter>
    </ClInclude>
    <QtMoc Include="camera.h">
      <Filter>Header Files</Filter>
    </QtMoc>
    <ClInclude Include="dip.h">
      <Filter>Header Files</Filter>
    </ClInclude>
    <QtMoc Include="imageacqusition.h">
      <Filter>Header Files</Filter>
    </QtMoc>
    <QtMoc Include="mainwindow.h">
      <Filter>Header Files</Filter>
    </QtMoc>
    <QtMoc Include="manual.h">
      <Filter>Header Files</Filter>
    </QtMoc>
    <QtMoc Include="offlinetrack.h">
      <Filter>Header Files</Filter>
    </QtMoc>
    <QtMoc Include="onlinetrack.h">
      <Filter>Header Files</Filter>
    </QtMoc>
    <QtMoc Include="simplecalibration.h">
      <Filter>Header Files</Filter>
    </QtMoc>
    <ClInclude Include="var.h">
      <Filter>Header Files</Filter>
    </ClInclude>
    <QtMoc Include="weld.h">
      <Filter>Header Files</Filter>
    </QtMoc>
  </ItemGroup>
  <ItemGroup>
    
    
    
    
    
    
    
    
    
    
    
    
    <CustomBuild Include="debug\moc_predefs.h.cbt">
      <Filter>Generated Files</Filter>
    </CustomBuild>
    <CustomBuild Include="release\moc_predefs.h.cbt">
      <Filter>Generated Files</Filter>
    </CustomBuild>
    
    
    
    
    
    
    
    
    
    
  </ItemGroup>
  <ItemGroup>
    <QtUic Include="Mainwindow.ui">
      <Filter>Form Files</Filter>
    </QtUic>
    <QtUic Include="camera.ui">
      <Filter>Form Files</Filter>
    </QtUic>
    <QtUic Include="manual.ui">
      <Filter>Form Files</Filter>
    </QtUic>
    <QtUic Include="offlinetrack.ui">
      <Filter>Form Files</Filter>
    </QtUic>
    <QtUic Include="simplecalibration.ui">
      <Filter>Form Files</Filter>
    </QtUic>
    <QtUic Include="weld.ui">
      <Filter>Form Files</Filter>
    </QtUic>
  </ItemGroup>
</Project>